// !$*UTF8*$!
{
	archiveVersion = 1;
	classes = {
	};
	objectVersion = 70;
	objects = {

/* Begin PBXBuildFile section */
		9A0F1FC42D32BF4C00746E99 /* OnboardingView.swift in Sources */ = {isa = PBXBuildFile; fileRef = 9A0F1FC32D32BF4C00746E99 /* OnboardingView.swift */; };
		9A0F1FC82D32C3A900746E99 /* GettingStartedView.swift in Sources */ = {isa = PBXBuildFile; fileRef = 9A0F1FC72D32C3A900746E99 /* GettingStartedView.swift */; };
		9A23E0FF2D288DB7008A0B8A /* PhasesFactsView.swift in Sources */ = {isa = PBXBuildFile; fileRef = 9A23E0FE2D288DB3008A0B8A /* PhasesFactsView.swift */; };
		9A23E1072D29C256008A0B8A /* ArchivedDataView.swift in Sources */ = {isa = PBXBuildFile; fileRef = 9A23E1062D29C252008A0B8A /* ArchivedDataView.swift */; };
		9A284F9E2CA701980021A785 /* Assets.xcassets in Resources */ = {isa = PBXBuildFile; fileRef = 9A284F9D2CA701980021A785 /* Assets.xcassets */; };
		9A284FA12CA701980021A785 /* Preview Assets.xcassets in Resources */ = {isa = PBXBuildFile; fileRef = 9A284FA02CA701980021A785 /* Preview Assets.xcassets */; };
		9A284FAD2CA7082E0021A785 /* Date+Extension.swift in Sources */ = {isa = PBXBuildFile; fileRef = 9A284FAC2CA7082E0021A785 /* Date+Extension.swift */; };
		9A284FB02CA708630021A785 /* Event.swift in Sources */ = {isa = PBXBuildFile; fileRef = 9A284FAF2CA708630021A785 /* Event.swift */; };
		9A284FB22CA708930021A785 /* EventStore.swift in Sources */ = {isa = PBXBuildFile; fileRef = 9A284FB12CA708930021A785 /* EventStore.swift */; };
		9A284FB62CA7090A0021A785 /* CalendarView.swift in Sources */ = {isa = PBXBuildFile; fileRef = 9A284FB52CA7090A0021A785 /* CalendarView.swift */; };
		9A284FB82CA709390021A785 /* DaysEventsListView.swift in Sources */ = {isa = PBXBuildFile; fileRef = 9A284FB72CA709390021A785 /* DaysEventsListView.swift */; };
		9A284FBA2CA709610021A785 /* EventsCalendarView.swift in Sources */ = {isa = PBXBuildFile; fileRef = 9A284FB92CA709610021A785 /* EventsCalendarView.swift */; };
		9A284FBD2CA709AE0021A785 /* EventFormType.swift in Sources */ = {isa = PBXBuildFile; fileRef = 9A284FBC2CA709AE0021A785 /* EventFormType.swift */; };
		9A284FBF2CA709D80021A785 /* EventFormView.swift in Sources */ = {isa = PBXBuildFile; fileRef = 9A284FBE2CA709D80021A785 /* EventFormView.swift */; };
		9A284FC12CA70A1D0021A785 /* EventFormViewModel.swift in Sources */ = {isa = PBXBuildFile; fileRef = 9A284FC02CA70A1D0021A785 /* EventFormViewModel.swift */; };
		9A284FC52CA70A8D0021A785 /* EventsListView.swift in Sources */ = {isa = PBXBuildFile; fileRef = 9A284FC42CA70A8D0021A785 /* EventsListView.swift */; };
		9A284FC72CA70AB50021A785 /* ListViewRow.swift in Sources */ = {isa = PBXBuildFile; fileRef = 9A284FC62CA70AB50021A785 /* ListViewRow.swift */; };
		9A284FC92CA70ADF0021A785 /* StartTabView.swift in Sources */ = {isa = PBXBuildFile; fileRef = 9A284FC82CA70ADF0021A785 /* StartTabView.swift */; };
		9A4747F52D30B52B00BB7C72 /* TagFormView.swift in Sources */ = {isa = PBXBuildFile; fileRef = 9A4747F42D30B52600BB7C72 /* TagFormView.swift */; };
		9A570D5F2D2708D800A025D8 /* SettingsCycleInfoView.swift in Sources */ = {isa = PBXBuildFile; fileRef = 9A570D5E2D2708CC00A025D8 /* SettingsCycleInfoView.swift */; };
		9A6F3CB92CA717B1005D5328 /* Rhythm.swift in Sources */ = {isa = PBXBuildFile; fileRef = 9A6F3CB82CA717B1005D5328 /* Rhythm.swift */; };
		9ADBC1ED2D4D674800252EAE /* ArchivedDataStore.swift in Sources */ = {isa = PBXBuildFile; fileRef = 9ADBC1EC2D4D673D00252EAE /* ArchivedDataStore.swift */; };
		9AFA69942D3452B000718143 /* ArchivedDataBlock.swift in Sources */ = {isa = PBXBuildFile; fileRef = 9AFA69932D3452B000718143 /* ArchivedDataBlock.swift */; };
		9AFE6AB22D35A5EA008C4512 /* LaunchScreen.storyboard in Resources */ = {isa = PBXBuildFile; fileRef = 9AFE6AB12D35A5EA008C4512 /* LaunchScreen.storyboard */; };
/* End PBXBuildFile section */

/* Begin PBXFileReference section */
		9A0F1FC32D32BF4C00746E99 /* OnboardingView.swift */ = {isa = PBXFileReference; lastKnownFileType = sourcecode.swift; path = OnboardingView.swift; sourceTree = "<group>"; };
		9A0F1FC72D32C3A900746E99 /* GettingStartedView.swift */ = {isa = PBXFileReference; lastKnownFileType = sourcecode.swift; path = GettingStartedView.swift; sourceTree = "<group>"; };
		9A23E0FE2D288DB3008A0B8A /* PhasesFactsView.swift */ = {isa = PBXFileReference; lastKnownFileType = sourcecode.swift; path = PhasesFactsView.swift; sourceTree = "<group>"; };
		9A23E1062D29C252008A0B8A /* ArchivedDataView.swift */ = {isa = PBXFileReference; lastKnownFileType = sourcecode.swift; path = ArchivedDataView.swift; sourceTree = "<group>"; };
		9A284F962CA701960021A785 /* RhythmX.app */ = {isa = PBXFileReference; explicitFileType = wrapper.application; includeInIndex = 0; path = RhythmX.app; sourceTree = BUILT_PRODUCTS_DIR; };
		9A284F9D2CA701980021A785 /* Assets.xcassets */ = {isa = PBXFileReference; lastKnownFileType = folder.assetcatalog; path = Assets.xcassets; sourceTree = "<group>"; };
		9A284FA02CA701980021A785 /* Preview Assets.xcassets */ = {isa = PBXFileReference; lastKnownFileType = folder.assetcatalog; path = "Preview Assets.xcassets"; sourceTree = "<group>"; };
		9A284FAC2CA7082E0021A785 /* Date+Extension.swift */ = {isa = PBXFileReference; lastKnownFileType = sourcecode.swift; path = "Date+Extension.swift"; sourceTree = "<group>"; };
		9A284FAF2CA708630021A785 /* Event.swift */ = {isa = PBXFileReference; lastKnownFileType = sourcecode.swift; path = Event.swift; sourceTree = "<group>"; };
		9A284FB12CA708930021A785 /* EventStore.swift */ = {isa = PBXFileReference; lastKnownFileType = sourcecode.swift; path = EventStore.swift; sourceTree = "<group>"; };
		9A284FB52CA7090A0021A785 /* CalendarView.swift */ = {isa = PBXFileReference; lastKnownFileType = sourcecode.swift; path = CalendarView.swift; sourceTree = "<group>"; };
		9A284FB72CA709390021A785 /* DaysEventsListView.swift */ = {isa = PBXFileReference; lastKnownFileType = sourcecode.swift; path = DaysEventsListView.swift; sourceTree = "<group>"; };
		9A284FB92CA709610021A785 /* EventsCalendarView.swift */ = {isa = PBXFileReference; lastKnownFileType = sourcecode.swift; path = EventsCalendarView.swift; sourceTree = "<group>"; };
		9A284FBC2CA709AE0021A785 /* EventFormType.swift */ = {isa = PBXFileReference; lastKnownFileType = sourcecode.swift; path = EventFormType.swift; sourceTree = "<group>"; };
		9A284FBE2CA709D80021A785 /* EventFormView.swift */ = {isa = PBXFileReference; lastKnownFileType = sourcecode.swift; path = EventFormView.swift; sourceTree = "<group>"; };
		9A284FC02CA70A1D0021A785 /* EventFormViewModel.swift */ = {isa = PBXFileReference; lastKnownFileType = sourcecode.swift; path = EventFormViewModel.swift; sourceTree = "<group>"; };
		9A284FC42CA70A8D0021A785 /* EventsListView.swift */ = {isa = PBXFileReference; lastKnownFileType = sourcecode.swift; path = EventsListView.swift; sourceTree = "<group>"; };
		9A284FC62CA70AB50021A785 /* ListViewRow.swift */ = {isa = PBXFileReference; lastKnownFileType = sourcecode.swift; path = ListViewRow.swift; sourceTree = "<group>"; };
		9A284FC82CA70ADF0021A785 /* StartTabView.swift */ = {isa = PBXFileReference; lastKnownFileType = sourcecode.swift; path = StartTabView.swift; sourceTree = "<group>"; };
		9A44E3F22D359E1D00842B1A /* Info.plist */ = {isa = PBXFileReference; lastKnownFileType = text.plist; path = Info.plist; sourceTree = "<group>"; };
		9A4747F42D30B52600BB7C72 /* TagFormView.swift */ = {isa = PBXFileReference; lastKnownFileType = sourcecode.swift; path = TagFormView.swift; sourceTree = "<group>"; };
		9A570D5E2D2708CC00A025D8 /* SettingsCycleInfoView.swift */ = {isa = PBXFileReference; lastKnownFileType = sourcecode.swift; path = SettingsCycleInfoView.swift; sourceTree = "<group>"; };
		9A6F3CB82CA717B1005D5328 /* Rhythm.swift */ = {isa = PBXFileReference; lastKnownFileType = sourcecode.swift; path = Rhythm.swift; sourceTree = "<group>"; };
		9ADBC1EC2D4D673D00252EAE /* ArchivedDataStore.swift */ = {isa = PBXFileReference; lastKnownFileType = sourcecode.swift; path = ArchivedDataStore.swift; sourceTree = "<group>"; };
		9AFA69932D3452B000718143 /* ArchivedDataBlock.swift */ = {isa = PBXFileReference; lastKnownFileType = sourcecode.swift; path = ArchivedDataBlock.swift; sourceTree = "<group>"; };
		9AFE6AB12D35A5EA008C4512 /* LaunchScreen.storyboard */ = {isa = PBXFileReference; lastKnownFileType = file.storyboard; path = LaunchScreen.storyboard; sourceTree = "<group>"; };
/* End PBXFileReference section */

/* Begin PBXFileSystemSynchronizedRootGroup section */
		9A0FE6982D355A1200E5BBDA /* License */ = {isa = PBXFileSystemSynchronizedRootGroup; explicitFileTypes = {}; explicitFolders = (); path = License; sourceTree = "<group>"; };
/* End PBXFileSystemSynchronizedRootGroup section */

/* Begin PBXFrameworksBuildPhase section */
		9A284F932CA701960021A785 /* Frameworks */ = {
			isa = PBXFrameworksBuildPhase;
			buildActionMask = 2147483647;
			files = (
			);
			runOnlyForDeploymentPostprocessing = 0;
		};
/* End PBXFrameworksBuildPhase section */

/* Begin PBXGroup section */
		9A284F8D2CA701960021A785 = {
			isa = PBXGroup;
			children = (
				9A0FE6982D355A1200E5BBDA /* License */,
				9A284F982CA701960021A785 /* RhythmX */,
				9A284F972CA701960021A785 /* Products */,
			);
			sourceTree = "<group>";
		};
		9A284F972CA701960021A785 /* Products */ = {
			isa = PBXGroup;
			children = (
				9A284F962CA701960021A785 /* RhythmX.app */,
			);
			name = Products;
			sourceTree = "<group>";
		};
		9A284F982CA701960021A785 /* RhythmX */ = {
			isa = PBXGroup;
			children = (
				9AFE6AB12D35A5EA008C4512 /* LaunchScreen.storyboard */,
				9A44E3F22D359E1D00842B1A /* Info.plist */,
				9A6F3CB82CA717B1005D5328 /* Rhythm.swift */,
				9A284FB32CA708C30021A785 /* Views */,
				9A284FAE2CA708510021A785 /* Models */,
				9A284FAB2CA7080A0021A785 /* Extensions */,
				9A284F9D2CA701980021A785 /* Assets.xcassets */,
				9A284F9F2CA701980021A785 /* Preview Content */,
			);
			path = RhythmX;
			sourceTree = "<group>";
		};
		9A284F9F2CA701980021A785 /* Preview Content */ = {
			isa = PBXGroup;
			children = (
				9A284FA02CA701980021A785 /* Preview Assets.xcassets */,
			);
			path = "Preview Content";
			sourceTree = "<group>";
		};
		9A284FAB2CA7080A0021A785 /* Extensions */ = {
			isa = PBXGroup;
			children = (
				9A284FAC2CA7082E0021A785 /* Date+Extension.swift */,
			);
			path = Extensions;
			sourceTree = "<group>";
		};
		9A284FAE2CA708510021A785 /* Models */ = {
			isa = PBXGroup;
			children = (
				9ADBC1EC2D4D673D00252EAE /* ArchivedDataStore.swift */,
				9AFA69932D3452B000718143 /* ArchivedDataBlock.swift */,
				9A284FAF2CA708630021A785 /* Event.swift */,
				9A284FB12CA708930021A785 /* EventStore.swift */,
			);
			path = Models;
			sourceTree = "<group>";
		};
		9A284FB32CA708C30021A785 /* Views */ = {
			isa = PBXGroup;
			children = (
				9A0F1FC72D32C3A900746E99 /* GettingStartedView.swift */,
				9A0F1FC32D32BF4C00746E99 /* OnboardingView.swift */,
				9A4747F42D30B52600BB7C72 /* TagFormView.swift */,
				9A23E1062D29C252008A0B8A /* ArchivedDataView.swift */,
				9A23E0FE2D288DB3008A0B8A /* PhasesFactsView.swift */,
				9A570D5E2D2708CC00A025D8 /* SettingsCycleInfoView.swift */,
				9A284FC32CA70A530021A785 /* ListViewTab */,
				9A284FBB2CA7097E0021A785 /* EditUpdateView */,
				9A284FB42CA708E20021A785 /* CalendarViewTab */,
			);
			path = Views;
			sourceTree = "<group>";
		};
		9A284FB42CA708E20021A785 /* CalendarViewTab */ = {
			isa = PBXGroup;
			children = (
				9A284FB52CA7090A0021A785 /* CalendarView.swift */,
				9A284FB72CA709390021A785 /* DaysEventsListView.swift */,
				9A284FB92CA709610021A785 /* EventsCalendarView.swift */,
			);
			path = CalendarViewTab;
			sourceTree = "<group>";
		};
		9A284FBB2CA7097E0021A785 /* EditUpdateView */ = {
			isa = PBXGroup;
			children = (
				9A284FBC2CA709AE0021A785 /* EventFormType.swift */,
				9A284FBE2CA709D80021A785 /* EventFormView.swift */,
				9A284FC02CA70A1D0021A785 /* EventFormViewModel.swift */,
			);
			path = EditUpdateView;
			sourceTree = "<group>";
		};
		9A284FC32CA70A530021A785 /* ListViewTab */ = {
			isa = PBXGroup;
			children = (
				9A284FC42CA70A8D0021A785 /* EventsListView.swift */,
				9A284FC62CA70AB50021A785 /* ListViewRow.swift */,
				9A284FC82CA70ADF0021A785 /* StartTabView.swift */,
			);
			path = ListViewTab;
			sourceTree = "<group>";
		};
/* End PBXGroup section */

/* Begin PBXNativeTarget section */
		9A284F952CA701960021A785 /* RhythmX */ = {
			isa = PBXNativeTarget;
			buildConfigurationList = 9A284FA42CA701980021A785 /* Build configuration list for PBXNativeTarget "RhythmX" */;
			buildPhases = (
				9A284F922CA701960021A785 /* Sources */,
				9A284F932CA701960021A785 /* Frameworks */,
				9A284F942CA701960021A785 /* Resources */,
			);
			buildRules = (
			);
			dependencies = (
			);
			name = RhythmX;
			productName = Lunar;
			productReference = 9A284F962CA701960021A785 /* RhythmX.app */;
			productType = "com.apple.product-type.application";
		};
/* End PBXNativeTarget section */

/* Begin PBXProject section */
		9A284F8E2CA701960021A785 /* Project object */ = {
			isa = PBXProject;
			attributes = {
				BuildIndependentTargetsInParallel = 1;
				LastSwiftUpdateCheck = 1540;
				LastUpgradeCheck = 1540;
				TargetAttributes = {
					9A284F952CA701960021A785 = {
						CreatedOnToolsVersion = 15.4;
					};
				};
			};
			buildConfigurationList = 9A284F912CA701960021A785 /* Build configuration list for PBXProject "RhythmX" */;
			compatibilityVersion = "Xcode 14.0";
			developmentRegion = en;
			hasScannedForEncodings = 0;
			knownRegions = (
				en,
				Base,
			);
			mainGroup = 9A284F8D2CA701960021A785;
			productRefGroup = 9A284F972CA701960021A785 /* Products */;
			projectDirPath = "";
			projectRoot = "";
			targets = (
				9A284F952CA701960021A785 /* RhythmX */,
			);
		};
/* End PBXProject section */

/* Begin PBXResourcesBuildPhase section */
		9A284F942CA701960021A785 /* Resources */ = {
			isa = PBXResourcesBuildPhase;
			buildActionMask = 2147483647;
			files = (
				9AFE6AB22D35A5EA008C4512 /* LaunchScreen.storyboard in Resources */,
				9A284FA12CA701980021A785 /* Preview Assets.xcassets in Resources */,
				9A284F9E2CA701980021A785 /* Assets.xcassets in Resources */,
			);
			runOnlyForDeploymentPostprocessing = 0;
		};
/* End PBXResourcesBuildPhase section */

/* Begin PBXSourcesBuildPhase section */
		9A284F922CA701960021A785 /* Sources */ = {
			isa = PBXSourcesBuildPhase;
			buildActionMask = 2147483647;
			files = (
				9A284FB62CA7090A0021A785 /* CalendarView.swift in Sources */,
				9A284FB82CA709390021A785 /* DaysEventsListView.swift in Sources */,
				9A0F1FC82D32C3A900746E99 /* GettingStartedView.swift in Sources */,
				9A570D5F2D2708D800A025D8 /* SettingsCycleInfoView.swift in Sources */,
				9A284FC92CA70ADF0021A785 /* StartTabView.swift in Sources */,
				9A284FB02CA708630021A785 /* Event.swift in Sources */,
				9A284FB22CA708930021A785 /* EventStore.swift in Sources */,
				9A284FBA2CA709610021A785 /* EventsCalendarView.swift in Sources */,
				9A284FC52CA70A8D0021A785 /* EventsListView.swift in Sources */,
				9AFA69942D3452B000718143 /* ArchivedDataBlock.swift in Sources */,
				9A284FC72CA70AB50021A785 /* ListViewRow.swift in Sources */,
				9ADBC1ED2D4D674800252EAE /* ArchivedDataStore.swift in Sources */,
				9A4747F52D30B52B00BB7C72 /* TagFormView.swift in Sources */,
				9A284FBF2CA709D80021A785 /* EventFormView.swift in Sources */,
				9A0F1FC42D32BF4C00746E99 /* OnboardingView.swift in Sources */,
				9A23E0FF2D288DB7008A0B8A /* PhasesFactsView.swift in Sources */,
				9A6F3CB92CA717B1005D5328 /* Rhythm.swift in Sources */,
				9A23E1072D29C256008A0B8A /* ArchivedDataView.swift in Sources */,
				9A284FBD2CA709AE0021A785 /* EventFormType.swift in Sources */,
				9A284FAD2CA7082E0021A785 /* Date+Extension.swift in Sources */,
				9A284FC12CA70A1D0021A785 /* EventFormViewModel.swift in Sources */,
			);
			runOnlyForDeploymentPostprocessing = 0;
		};
/* End PBXSourcesBuildPhase section */

/* Begin XCBuildConfiguration section */
		9A284FA22CA701980021A785 /* Debug */ = {
			isa = XCBuildConfiguration;
			buildSettings = {
				ALWAYS_SEARCH_USER_PATHS = NO;
				ASSETCATALOG_COMPILER_GENERATE_SWIFT_ASSET_SYMBOL_EXTENSIONS = YES;
				CLANG_ANALYZER_NONNULL = YES;
				CLANG_ANALYZER_NUMBER_OBJECT_CONVERSION = YES_AGGRESSIVE;
				CLANG_CXX_LANGUAGE_STANDARD = "gnu++20";
				CLANG_ENABLE_MODULES = YES;
				CLANG_ENABLE_OBJC_ARC = YES;
				CLANG_ENABLE_OBJC_WEAK = YES;
				CLANG_WARN_BLOCK_CAPTURE_AUTORELEASING = YES;
				CLANG_WARN_BOOL_CONVERSION = YES;
				CLANG_WARN_COMMA = YES;
				CLANG_WARN_CONSTANT_CONVERSION = YES;
				CLANG_WARN_DEPRECATED_OBJC_IMPLEMENTATIONS = YES;
				CLANG_WARN_DIRECT_OBJC_ISA_USAGE = YES_ERROR;
				CLANG_WARN_DOCUMENTATION_COMMENTS = YES;
				CLANG_WARN_EMPTY_BODY = YES;
				CLANG_WARN_ENUM_CONVERSION = YES;
				CLANG_WARN_INFINITE_RECURSION = YES;
				CLANG_WARN_INT_CONVERSION = YES;
				CLANG_WARN_NON_LITERAL_NULL_CONVERSION = YES;
				CLANG_WARN_OBJC_IMPLICIT_RETAIN_SELF = YES;
				CLANG_WARN_OBJC_LITERAL_CONVERSION = YES;
				CLANG_WARN_OBJC_ROOT_CLASS = YES_ERROR;
				CLANG_WARN_QUOTED_INCLUDE_IN_FRAMEWORK_HEADER = YES;
				CLANG_WARN_RANGE_LOOP_ANALYSIS = YES;
				CLANG_WARN_STRICT_PROTOTYPES = YES;
				CLANG_WARN_SUSPICIOUS_MOVE = YES;
				CLANG_WARN_UNGUARDED_AVAILABILITY = YES_AGGRESSIVE;
				CLANG_WARN_UNREACHABLE_CODE = YES;
				CLANG_WARN__DUPLICATE_METHOD_MATCH = YES;
				COPY_PHASE_STRIP = NO;
				DEBUG_INFORMATION_FORMAT = dwarf;
				ENABLE_STRICT_OBJC_MSGSEND = YES;
				ENABLE_TESTABILITY = YES;
				ENABLE_USER_SCRIPT_SANDBOXING = YES;
				GCC_C_LANGUAGE_STANDARD = gnu17;
				GCC_DYNAMIC_NO_PIC = NO;
				GCC_NO_COMMON_BLOCKS = YES;
				GCC_OPTIMIZATION_LEVEL = 0;
				GCC_PREPROCESSOR_DEFINITIONS = (
					"DEBUG=1",
					"$(inherited)",
				);
				GCC_WARN_64_TO_32_BIT_CONVERSION = YES;
				GCC_WARN_ABOUT_RETURN_TYPE = YES_ERROR;
				GCC_WARN_UNDECLARED_SELECTOR = YES;
				GCC_WARN_UNINITIALIZED_AUTOS = YES_AGGRESSIVE;
				GCC_WARN_UNUSED_FUNCTION = YES;
				GCC_WARN_UNUSED_VARIABLE = YES;
				IPHONEOS_DEPLOYMENT_TARGET = 17.5;
				LOCALIZATION_PREFERS_STRING_CATALOGS = YES;
				MTL_ENABLE_DEBUG_INFO = INCLUDE_SOURCE;
				MTL_FAST_MATH = YES;
				ONLY_ACTIVE_ARCH = YES;
				SDKROOT = iphoneos;
				SWIFT_ACTIVE_COMPILATION_CONDITIONS = "DEBUG $(inherited)";
				SWIFT_OPTIMIZATION_LEVEL = "-Onone";
			};
			name = Debug;
		};
		9A284FA32CA701980021A785 /* Release */ = {
			isa = XCBuildConfiguration;
			buildSettings = {
				ALWAYS_SEARCH_USER_PATHS = NO;
				ASSETCATALOG_COMPILER_GENERATE_SWIFT_ASSET_SYMBOL_EXTENSIONS = YES;
				CLANG_ANALYZER_NONNULL = YES;
				CLANG_ANALYZER_NUMBER_OBJECT_CONVERSION = YES_AGGRESSIVE;
				CLANG_CXX_LANGUAGE_STANDARD = "gnu++20";
				CLANG_ENABLE_MODULES = YES;
				CLANG_ENABLE_OBJC_ARC = YES;
				CLANG_ENABLE_OBJC_WEAK = YES;
				CLANG_WARN_BLOCK_CAPTURE_AUTORELEASING = YES;
				CLANG_WARN_BOOL_CONVERSION = YES;
				CLANG_WARN_COMMA = YES;
				CLANG_WARN_CONSTANT_CONVERSION = YES;
				CLANG_WARN_DEPRECATED_OBJC_IMPLEMENTATIONS = YES;
				CLANG_WARN_DIRECT_OBJC_ISA_USAGE = YES_ERROR;
				CLANG_WARN_DOCUMENTATION_COMMENTS = YES;
				CLANG_WARN_EMPTY_BODY = YES;
				CLANG_WARN_ENUM_CONVERSION = YES;
				CLANG_WARN_INFINITE_RECURSION = YES;
				CLANG_WARN_INT_CONVERSION = YES;
				CLANG_WARN_NON_LITERAL_NULL_CONVERSION = YES;
				CLANG_WARN_OBJC_IMPLICIT_RETAIN_SELF = YES;
				CLANG_WARN_OBJC_LITERAL_CONVERSION = YES;
				CLANG_WARN_OBJC_ROOT_CLASS = YES_ERROR;
				CLANG_WARN_QUOTED_INCLUDE_IN_FRAMEWORK_HEADER = YES;
				CLANG_WARN_RANGE_LOOP_ANALYSIS = YES;
				CLANG_WARN_STRICT_PROTOTYPES = YES;
				CLANG_WARN_SUSPICIOUS_MOVE = YES;
				CLANG_WARN_UNGUARDED_AVAILABILITY = YES_AGGRESSIVE;
				CLANG_WARN_UNREACHABLE_CODE = YES;
				CLANG_WARN__DUPLICATE_METHOD_MATCH = YES;
				COPY_PHASE_STRIP = NO;
				DEBUG_INFORMATION_FORMAT = "dwarf-with-dsym";
				ENABLE_NS_ASSERTIONS = NO;
				ENABLE_STRICT_OBJC_MSGSEND = YES;
				ENABLE_USER_SCRIPT_SANDBOXING = YES;
				GCC_C_LANGUAGE_STANDARD = gnu17;
				GCC_NO_COMMON_BLOCKS = YES;
				GCC_WARN_64_TO_32_BIT_CONVERSION = YES;
				GCC_WARN_ABOUT_RETURN_TYPE = YES_ERROR;
				GCC_WARN_UNDECLARED_SELECTOR = YES;
				GCC_WARN_UNINITIALIZED_AUTOS = YES_AGGRESSIVE;
				GCC_WARN_UNUSED_FUNCTION = YES;
				GCC_WARN_UNUSED_VARIABLE = YES;
				IPHONEOS_DEPLOYMENT_TARGET = 17.5;
				LOCALIZATION_PREFERS_STRING_CATALOGS = YES;
				MTL_ENABLE_DEBUG_INFO = NO;
				MTL_FAST_MATH = YES;
				SDKROOT = iphoneos;
				SWIFT_COMPILATION_MODE = wholemodule;
				VALIDATE_PRODUCT = YES;
			};
			name = Release;
		};
		9A284FA52CA701980021A785 /* Debug */ = {
			isa = XCBuildConfiguration;
			buildSettings = {
				ASSETCATALOG_COMPILER_APPICON_NAME = AppIcon;
				ASSETCATALOG_COMPILER_GLOBAL_ACCENT_COLOR_NAME = AccentColor;
				"CODE_SIGN_IDENTITY[sdk=iphoneos*]" = "iPhone Distribution";
				CODE_SIGN_STYLE = Manual;
				CURRENT_PROJECT_VERSION = 1;
				DEVELOPMENT_ASSET_PATHS = "\"RhythmX/Preview Content\"";
				DEVELOPMENT_TEAM = "";
				"DEVELOPMENT_TEAM[sdk=iphoneos*]" = P9Z5QB8965;
				ENABLE_PREVIEWS = YES;
				GENERATE_INFOPLIST_FILE = YES;
				INFOPLIST_FILE = RhythmX/Info.plist;
				INFOPLIST_KEY_CFBundleDisplayName = "Rhythm(x)";
				INFOPLIST_KEY_UIApplicationSceneManifest_Generation = YES;
				INFOPLIST_KEY_UIApplicationSupportsIndirectInputEvents = YES;
				INFOPLIST_KEY_UILaunchStoryboardName = LaunchScreen.storyboard;
				INFOPLIST_KEY_UISupportedInterfaceOrientations = UIInterfaceOrientationPortrait;
				INFOPLIST_KEY_UISupportedInterfaceOrientations_iPad = "UIInterfaceOrientationLandscapeLeft UIInterfaceOrientationLandscapeRight UIInterfaceOrientationPortrait UIInterfaceOrientationPortraitUpsideDown";
				IPHONEOS_DEPLOYMENT_TARGET = 18.0;
				LD_RUNPATH_SEARCH_PATHS = (
					"$(inherited)",
					"@executable_path/Frameworks",
				);
				MARKETING_VERSION = 1.2;
				PRODUCT_BUNDLE_IDENTIFIER = beta.Rhythm;
				PRODUCT_NAME = "$(TARGET_NAME)";
				PROVISIONING_PROFILE_SPECIFIER = "";
				"PROVISIONING_PROFILE_SPECIFIER[sdk=iphoneos*]" = "beta.Rhythm(x)";
				SUPPORTED_PLATFORMS = "iphoneos iphonesimulator";
				SUPPORTS_MACCATALYST = NO;
				SUPPORTS_MAC_DESIGNED_FOR_IPHONE_IPAD = NO;
				SUPPORTS_XR_DESIGNED_FOR_IPHONE_IPAD = NO;
				SWIFT_EMIT_LOC_STRINGS = YES;
				SWIFT_VERSION = 5.0;
				TARGETED_DEVICE_FAMILY = 1;
			};
			name = Debug;
		};
		9A284FA62CA701980021A785 /* Release */ = {
			isa = XCBuildConfiguration;
			buildSettings = {
				ASSETCATALOG_COMPILER_APPICON_NAME = AppIcon;
				ASSETCATALOG_COMPILER_GLOBAL_ACCENT_COLOR_NAME = AccentColor;
				"CODE_SIGN_IDENTITY[sdk=iphoneos*]" = "iPhone Distribution";
				CODE_SIGN_STYLE = Manual;
				CURRENT_PROJECT_VERSION = 1;
				DEVELOPMENT_ASSET_PATHS = "\"RhythmX/Preview Content\"";
				DEVELOPMENT_TEAM = "";
				"DEVELOPMENT_TEAM[sdk=iphoneos*]" = P9Z5QB8965;
				ENABLE_PREVIEWS = YES;
				GENERATE_INFOPLIST_FILE = YES;
				INFOPLIST_FILE = RhythmX/Info.plist;
				INFOPLIST_KEY_CFBundleDisplayName = "Rhythm(x)";
				INFOPLIST_KEY_UIApplicationSceneManifest_Generation = YES;
				INFOPLIST_KEY_UIApplicationSupportsIndirectInputEvents = YES;
				INFOPLIST_KEY_UILaunchStoryboardName = LaunchScreen.storyboard;
				INFOPLIST_KEY_UISupportedInterfaceOrientations = UIInterfaceOrientationPortrait;
				INFOPLIST_KEY_UISupportedInterfaceOrientations_iPad = "UIInterfaceOrientationLandscapeLeft UIInterfaceOrientationLandscapeRight UIInterfaceOrientationPortrait UIInterfaceOrientationPortraitUpsideDown";
				IPHONEOS_DEPLOYMENT_TARGET = 18.0;
				LD_RUNPATH_SEARCH_PATHS = (
					"$(inherited)",
					"@executable_path/Frameworks",
				);
				MARKETING_VERSION = 1.2;
				PRODUCT_BUNDLE_IDENTIFIER = beta.Rhythm;
				PRODUCT_NAME = "$(TARGET_NAME)";
				PROVISIONING_PROFILE_SPECIFIER = "";
				"PROVISIONING_PROFILE_SPECIFIER[sdk=iphoneos*]" = "beta.Rhythm(x)";
				SUPPORTED_PLATFORMS = "iphoneos iphonesimulator";
				SUPPORTS_MACCATALYST = NO;
				SUPPORTS_MAC_DESIGNED_FOR_IPHONE_IPAD = NO;
				SUPPORTS_XR_DESIGNED_FOR_IPHONE_IPAD = NO;
				SWIFT_EMIT_LOC_STRINGS = YES;
				SWIFT_VERSION = 5.0;
				TARGETED_DEVICE_FAMILY = 1;
			};
			name = Release;
		};
/* End XCBuildConfiguration section */

/* Begin XCConfigurationList section */
		9A284F912CA701960021A785 /* Build configuration list for PBXProject "RhythmX" */ = {
			isa = XCConfigurationList;
			buildConfigurations = (
				9A284FA22CA701980021A785 /* Debug */,
				9A284FA32CA701980021A785 /* Release */,
			);
			defaultConfigurationIsVisible = 0;
			defaultConfigurationName = Release;
		};
		9A284FA42CA701980021A785 /* Build configuration list for PBXNativeTarget "RhythmX" */ = {
			isa = XCConfigurationList;
			buildConfigurations = (
				9A284FA52CA701980021A785 /* Debug */,
				9A284FA62CA701980021A785 /* Release */,
			);
			defaultConfigurationIsVisible = 0;
			defaultConfigurationName = Release;
		};
/* End XCConfigurationList section */
	};
	rootObject = 9A284F8E2CA701960021A785 /* Project object */;
}
